
Microsoft Visual Studio Solution File, Format Version 12.00
# Visual Studio Version 17
VisualStudioVersion = 17.12.35527.113
MinimumVisualStudioVersion = 10.0.40219.1
Project("{FAE04EC0-301F-11D3-BF4B-00C04F79EFBC}") = "INVEST.API.DATA", "INVEST.API.DATA\INVEST.API.DATA.csproj", "{611993C0-1FB1-43FC-929A-5FB59D98B065}"
EndProject
Project("{2150E333-8FDC-42A3-9474-1A3956D46DE8}") = "DATA", "DATA", "{FB1069FD-14B6-42BD-B3AA-CCA08B4829C1}"
EndProject
Project("{2150E333-8FDC-42A3-9474-1A3956D46DE8}") = "INVEST.APIS", "INVEST.APIS", "{6A78A6B4-2BF8-4F98-99DE-545AEE6F1D2F}"
EndProject
Project("{2150E333-8FDC-42A3-9474-1A3956D46DE8}") = "INVEST.WEB", "INVEST.WEB", "{0DBF4D2B-6F2D-414E-851F-04E197494F48}"
EndProject
Project("{FAE04EC0-301F-11D3-BF4B-00C04F79EFBC}") = "INVEST.API", "INVEST.API\INVEST.API.csproj", "{95E0CC40-DC0F-42CB-9D15-DA989F6A6922}"
EndProject
Project("{FAE04EC0-301F-11D3-BF4B-00C04F79EFBC}") = "INVEST.SITE", "INVEST.SITE\INVEST.SITE.csproj", "{B3B70538-2D1E-401D-9E23-FCBD13DC0C61}"
EndProject
Project("{2150E333-8FDC-42A3-9474-1A3956D46DE8}") = "BUSINESSLOGIC", "BUSINESSLOGIC", "{AF53A33F-9334-43F3-827E-C14029D84200}"
EndProject
Project("{FAE04EC0-301F-11D3-BF4B-00C04F79EFBC}") = "INVEST.BUSINESSLOGIC", "INVEST.BUSINESSLOGIC\INVEST.BUSINESSLOGIC.csproj", "{929FF2F5-39ED-4B32-810C-1459AF24C253}"
EndProject
Project("{2150E333-8FDC-42A3-9474-1A3956D46DE8}") = "TEST", "TEST", "{B7A24DE1-F1A9-4E55-9A89-37385CAD161B}"
EndProject
Project("{FAE04EC0-301F-11D3-BF4B-00C04F79EFBC}") = "INVEST.API.TEST", "INVEST.API.TEST\INVEST.API.TEST.csproj", "{F279DEB0-7D16-4174-89A7-5C556499E36C}"
EndProject
Global
	GlobalSection(SolutionConfigurationPlatforms) = preSolution
		Debug|Any CPU = Debug|Any CPU
		Release|Any CPU = Release|Any CPU
	EndGlobalSection
	GlobalSection(ProjectConfigurationPlatforms) = postSolution
		{611993C0-1FB1-43FC-929A-5FB59D98B065}.Debug|Any CPU.ActiveCfg = Debug|Any CPU
		{611993C0-1FB1-43FC-929A-5FB59D98B065}.Debug|Any CPU.Build.0 = Debug|Any CPU
		{611993C0-1FB1-43FC-929A-5FB59D98B065}.Release|Any CPU.ActiveCfg = Release|Any CPU
		{611993C0-1FB1-43FC-929A-5FB59D98B065}.Release|Any CPU.Build.0 = Release|Any CPU
		{95E0CC40-DC0F-42CB-9D15-DA989F6A6922}.Debug|Any CPU.ActiveCfg = Debug|Any CPU
		{95E0CC40-DC0F-42CB-9D15-DA989F6A6922}.Debug|Any CPU.Build.0 = Debug|Any CPU
		{95E0CC40-DC0F-42CB-9D15-DA989F6A6922}.Release|Any CPU.ActiveCfg = Release|Any CPU
		{95E0CC40-DC0F-42CB-9D15-DA989F6A6922}.Release|Any CPU.Build.0 = Release|Any CPU
		{B3B70538-2D1E-401D-9E23-FCBD13DC0C61}.Debug|Any CPU.ActiveCfg = Debug|Any CPU
		{B3B70538-2D1E-401D-9E23-FCBD13DC0C61}.Debug|Any CPU.Build.0 = Debug|Any CPU
		{B3B70538-2D1E-401D-9E23-FCBD13DC0C61}.Release|Any CPU.ActiveCfg = Release|Any CPU
		{B3B70538-2D1E-401D-9E23-FCBD13DC0C61}.Release|Any CPU.Build.0 = Release|Any CPU
		{929FF2F5-39ED-4B32-810C-1459AF24C253}.Debug|Any CPU.ActiveCfg = Debug|Any CPU
		{929FF2F5-39ED-4B32-810C-1459AF24C253}.Debug|Any CPU.Build.0 = Debug|Any CPU
		{929FF2F5-39ED-4B32-810C-1459AF24C253}.Release|Any CPU.ActiveCfg = Release|Any CPU
		{929FF2F5-39ED-4B32-810C-1459AF24C253}.Release|Any CPU.Build.0 = Release|Any CPU
		{F279DEB0-7D16-4174-89A7-5C556499E36C}.Debug|Any CPU.ActiveCfg = Debug|Any CPU
		{F279DEB0-7D16-4174-89A7-5C556499E36C}.Debug|Any CPU.Build.0 = Debug|Any CPU
		{F279DEB0-7D16-4174-89A7-5C556499E36C}.Release|Any CPU.ActiveCfg = Release|Any CPU
		{F279DEB0-7D16-4174-89A7-5C556499E36C}.Release|Any CPU.Build.0 = Release|Any CPU
	EndGlobalSection
	GlobalSection(SolutionProperties) = preSolution
		HideSolutionNode = FALSE
	EndGlobalSection
	GlobalSection(NestedProjects) = preSolution
		{611993C0-1FB1-43FC-929A-5FB59D98B065} = {FB1069FD-14B6-42BD-B3AA-CCA08B4829C1}
		{95E0CC40-DC0F-42CB-9D15-DA989F6A6922} = {6A78A6B4-2BF8-4F98-99DE-545AEE6F1D2F}
		{B3B70538-2D1E-401D-9E23-FCBD13DC0C61} = {0DBF4D2B-6F2D-414E-851F-04E197494F48}
		{929FF2F5-39ED-4B32-810C-1459AF24C253} = {AF53A33F-9334-43F3-827E-C14029D84200}
		{F279DEB0-7D16-4174-89A7-5C556499E36C} = {B7A24DE1-F1A9-4E55-9A89-37385CAD161B}
	EndGlobalSection
EndGlobal
